
Microsoft Visual Studio Solution File, Format Version 12.00
# Visual Studio Version 16
VisualStudioVersion = 25.0.1705.0
MinimumVisualStudioVersion = 10.0.40219.1
Project("{FAE04EC0-301F-11D3-BF4B-00C04F79EFBC}") = "Schulteisz.AdventOfCode2022.Common", "Schulteisz.AdventOfCode2022.Common\Schulteisz.AdventOfCode2022.Common.csproj", "{BA83357E-B5B3-4110-ADEB-D770D9C1A650}"
EndProject
Project("{FAE04EC0-301F-11D3-BF4B-00C04F79EFBC}") = "Schulteisz.AdventOfCode2022.Interfaces", "Schulteisz.AdventOfCode2022.Interfaces\Schulteisz.AdventOfCode2022.Interfaces.csproj", "{6BCC1E71-D391-4238-A301-0F79461F93C6}"
EndProject
Project("{FAE04EC0-301F-11D3-BF4B-00C04F79EFBC}") = "Schulteisz.AdventOfCode2022.Tests", "Schulteisz.AdventOfCode2022.Tests\Schulteisz.AdventOfCode2022.Tests.csproj", "{43380804-B70B-44EB-8316-C1A3794CE863}"
EndProject
Project("{FAE04EC0-301F-11D3-BF4B-00C04F79EFBC}") = "Schulteisz.AdventOfCode2022.Day01", "Schulteisz.AdventOfCode2022.Day01\Schulteisz.AdventOfCode2022.Day01.csproj", "{AC33A918-0D33-403F-B57F-73412F2E5DF0}"
EndProject
Project("{FAE04EC0-301F-11D3-BF4B-00C04F79EFBC}") = "Schulteisz.AdventOfCode2022.Day02", "Schulteisz.AdventOfCode2022.Day02\Schulteisz.AdventOfCode2022.Day02.csproj", "{B707D612-78F0-4FA0-8279-7131E543982F}"
EndProject
Project("{FAE04EC0-301F-11D3-BF4B-00C04F79EFBC}") = "Schulteisz.AdventOfCode2022.Day03", "Schulteisz.AdventOfCode2022.Day03\Schulteisz.AdventOfCode2022.Day03.csproj", "{2900D81B-2DED-473A-B40B-496116541EDE}"
EndProject
Project("{FAE04EC0-301F-11D3-BF4B-00C04F79EFBC}") = "Schulteisz.AdventOfCode2022.Day04", "Schulteisz.AdventOfCode2022.Day04\Schulteisz.AdventOfCode2022.Day04.csproj", "{70FB3B8B-29D7-46D8-A84D-FE0AEF103FAE}"
EndProject
Project("{FAE04EC0-301F-11D3-BF4B-00C04F79EFBC}") = "Schulteisz.AdventOfCode2022.Day05", "Schulteisz.AdventOfCode2022.Day05\Schulteisz.AdventOfCode2022.Day05.csproj", "{E0EDA60F-6E3C-4D9B-8AF3-96FB52614C04}"
EndProject
Project("{FAE04EC0-301F-11D3-BF4B-00C04F79EFBC}") = "Schulteisz.AdventOfCode2022.Day06", "Schulteisz.AdventOfCode2022.Day06\Schulteisz.AdventOfCode2022.Day06.csproj", "{619D487C-0BDD-4A11-954B-777C7FEE2AF2}"
EndProject
Project("{FAE04EC0-301F-11D3-BF4B-00C04F79EFBC}") = "Schulteisz.AdventOfCode2022.Day07", "Schulteisz.AdventOfCode2022.Day07\Schulteisz.AdventOfCode2022.Day07.csproj", "{4C0DBA33-418A-4478-A11F-C5EB53E10E20}"
EndProject
Project("{FAE04EC0-301F-11D3-BF4B-00C04F79EFBC}") = "Schulteisz.AdventOfCode2022.Day08", "Schulteisz.AdventOfCode2022.Day08\Schulteisz.AdventOfCode2022.Day08.csproj", "{F17C1877-5505-467E-A40A-3E5FEEABB66B}"
EndProject
Project("{FAE04EC0-301F-11D3-BF4B-00C04F79EFBC}") = "Schulteisz.AdventOfCode2022.Day09", "Schulteisz.AdventOfCode2022.Day09\Schulteisz.AdventOfCode2022.Day09.csproj", "{C50C14EB-8D03-461D-AF4A-657D79F7E172}"
EndProject
Project("{FAE04EC0-301F-11D3-BF4B-00C04F79EFBC}") = "Schulteisz.AdventOfCode2022.Day10", "Schulteisz.AdventOfCode2022.Day10\Schulteisz.AdventOfCode2022.Day10.csproj", "{1DDCCB29-95FE-49BC-BB1C-19A64F061D98}"
EndProject
Project("{FAE04EC0-301F-11D3-BF4B-00C04F79EFBC}") = "Schulteisz.AdventOfCode2022.Day11", "Schulteisz.AdventOfCode2022.Day11\Schulteisz.AdventOfCode2022.Day11.csproj", "{57E3B917-19F7-48CE-9053-71AD54938E84}"
EndProject
Project("{FAE04EC0-301F-11D3-BF4B-00C04F79EFBC}") = "Schulteisz.AdventOfCode2022.Day12", "Schulteisz.AdventOfCode2022.Day12\Schulteisz.AdventOfCode2022.Day12.csproj", "{52B771FD-9117-4773-B444-AB06BB26FC3E}"
EndProject
Project("{FAE04EC0-301F-11D3-BF4B-00C04F79EFBC}") = "Schulteisz.AdventOfCode2022.Day13", "Schulteisz.AdventOfCode2022.Day13\Schulteisz.AdventOfCode2022.Day13.csproj", "{B4315F77-CDE2-4DB1-808B-5491B410E8F4}"
EndProject
Project("{FAE04EC0-301F-11D3-BF4B-00C04F79EFBC}") = "Schulteisz.AdventOfCode2022.Day14", "Schulteisz.AdventOfCode2022.Day14\Schulteisz.AdventOfCode2022.Day14.csproj", "{5826C1C4-5C0A-4D6C-8C42-D46F5B5DF480}"
EndProject
Project("{FAE04EC0-301F-11D3-BF4B-00C04F79EFBC}") = "Schulteisz.AdventOfCode2022.Day15", "Schulteisz.AdventOfCode2022.Day15\Schulteisz.AdventOfCode2022.Day15.csproj", "{76CA566D-2CB2-41CF-A112-63720422C5F3}"
EndProject
Project("{FAE04EC0-301F-11D3-BF4B-00C04F79EFBC}") = "Schulteisz.AdventOfCode2022.Day16", "Schulteisz.AdventOfCode2022.Day16\Schulteisz.AdventOfCode2022.Day16.csproj", "{C94A4A03-7D61-4F92-A89B-3582E7D1064A}"
EndProject
Project("{FAE04EC0-301F-11D3-BF4B-00C04F79EFBC}") = "Schulteisz.AdventOfCode2022.Day17", "Schulteisz.AdventOfCode2022.Day17\Schulteisz.AdventOfCode2022.Day17.csproj", "{A214A065-2770-4E51-809A-E4CFC7F58CA3}"
EndProject
Project("{FAE04EC0-301F-11D3-BF4B-00C04F79EFBC}") = "Schulteisz.AdventOfCode2022.Day18", "Schulteisz.AdventOfCode2022.Day18\Schulteisz.AdventOfCode2022.Day18.csproj", "{19D0B6FA-A90B-4AF0-87C0-AB9F8BC79E53}"
EndProject
Project("{FAE04EC0-301F-11D3-BF4B-00C04F79EFBC}") = "Schulteisz.AdventOfCode2022.Day19", "Schulteisz.AdventOfCode2022.Day19\Schulteisz.AdventOfCode2022.Day19.csproj", "{CE4C0FC3-D225-44BA-A48B-6DC4D1546D4D}"
EndProject
Project("{FAE04EC0-301F-11D3-BF4B-00C04F79EFBC}") = "Schulteisz.AdventOfCode2022.Day20", "Schulteisz.AdventOfCode2022.Day20\Schulteisz.AdventOfCode2022.Day20.csproj", "{CA244B95-9ADA-4A2A-90C8-FAA15E0C4DCC}"
EndProject
Project("{FAE04EC0-301F-11D3-BF4B-00C04F79EFBC}") = "Schulteisz.AdventOfCode2022.Day21", "Schulteisz.AdventOfCode2022.Day21\Schulteisz.AdventOfCode2022.Day21.csproj", "{10A45BFA-BB42-4C77-B07D-52A822B6D1C1}"
EndProject
Project("{FAE04EC0-301F-11D3-BF4B-00C04F79EFBC}") = "Schulteisz.AdventOfCode2022.Day22", "Schulteisz.AdventOfCode2022.Day22\Schulteisz.AdventOfCode2022.Day22.csproj", "{4D499B06-D759-4FD2-AF2E-0D1D7728B260}"
EndProject
Project("{FAE04EC0-301F-11D3-BF4B-00C04F79EFBC}") = "Schulteisz.AdventOfCode2022.Day23", "Schulteisz.AdventOfCode2022.Day23\Schulteisz.AdventOfCode2022.Day23.csproj", "{7AED13F6-45F5-4EBD-B630-69AA06504008}"
EndProject
Project("{FAE04EC0-301F-11D3-BF4B-00C04F79EFBC}") = "Schulteisz.AdventOfCode2022.Day24", "Schulteisz.AdventOfCode2022.Day24\Schulteisz.AdventOfCode2022.Day24.csproj", "{7E1A50DA-09ED-4A81-A683-BD6EA1B73240}"
EndProject
Project("{FAE04EC0-301F-11D3-BF4B-00C04F79EFBC}") = "Schulteisz.AdventOfCode2022.Day25", "Schulteisz.AdventOfCode2022.Day25\Schulteisz.AdventOfCode2022.Day25.csproj", "{C6F976C2-CA01-48A0-8030-666A913ED4EF}"
EndProject
Global
	GlobalSection(SolutionConfigurationPlatforms) = preSolution
		Debug|Any CPU = Debug|Any CPU
		Release|Any CPU = Release|Any CPU
		Debug|x64 = Debug|x64
		Release|x64 = Release|x64
	EndGlobalSection
	GlobalSection(ProjectConfigurationPlatforms) = postSolution
		{BA83357E-B5B3-4110-ADEB-D770D9C1A650}.Debug|Any CPU.ActiveCfg = Debug|Any CPU
		{BA83357E-B5B3-4110-ADEB-D770D9C1A650}.Debug|Any CPU.Build.0 = Debug|Any CPU
		{BA83357E-B5B3-4110-ADEB-D770D9C1A650}.Release|Any CPU.ActiveCfg = Release|Any CPU
		{BA83357E-B5B3-4110-ADEB-D770D9C1A650}.Release|Any CPU.Build.0 = Release|Any CPU
		{BA83357E-B5B3-4110-ADEB-D770D9C1A650}.Debug|x64.ActiveCfg = Debug|Any CPU
		{BA83357E-B5B3-4110-ADEB-D770D9C1A650}.Debug|x64.Build.0 = Debug|Any CPU
		{BA83357E-B5B3-4110-ADEB-D770D9C1A650}.Release|x64.ActiveCfg = Release|Any CPU
		{BA83357E-B5B3-4110-ADEB-D770D9C1A650}.Release|x64.Build.0 = Release|Any CPU
		{6BCC1E71-D391-4238-A301-0F79461F93C6}.Debug|Any CPU.ActiveCfg = Debug|Any CPU
		{6BCC1E71-D391-4238-A301-0F79461F93C6}.Debug|Any CPU.Build.0 = Debug|Any CPU
		{6BCC1E71-D391-4238-A301-0F79461F93C6}.Release|Any CPU.ActiveCfg = Release|Any CPU
		{6BCC1E71-D391-4238-A301-0F79461F93C6}.Release|Any CPU.Build.0 = Release|Any CPU
		{6BCC1E71-D391-4238-A301-0F79461F93C6}.Debug|x64.ActiveCfg = Debug|x64
		{6BCC1E71-D391-4238-A301-0F79461F93C6}.Debug|x64.Build.0 = Debug|x64
		{6BCC1E71-D391-4238-A301-0F79461F93C6}.Release|x64.ActiveCfg = Release|x64
		{6BCC1E71-D391-4238-A301-0F79461F93C6}.Release|x64.Build.0 = Release|x64
		{43380804-B70B-44EB-8316-C1A3794CE863}.Debug|Any CPU.ActiveCfg = Debug|Any CPU
		{43380804-B70B-44EB-8316-C1A3794CE863}.Debug|Any CPU.Build.0 = Debug|Any CPU
		{43380804-B70B-44EB-8316-C1A3794CE863}.Release|Any CPU.ActiveCfg = Release|Any CPU
		{43380804-B70B-44EB-8316-C1A3794CE863}.Release|Any CPU.Build.0 = Release|Any CPU
		{43380804-B70B-44EB-8316-C1A3794CE863}.Debug|x64.ActiveCfg = Debug|x64
		{43380804-B70B-44EB-8316-C1A3794CE863}.Debug|x64.Build.0 = Debug|x64
		{43380804-B70B-44EB-8316-C1A3794CE863}.Release|x64.ActiveCfg = Release|x64
		{43380804-B70B-44EB-8316-C1A3794CE863}.Release|x64.Build.0 = Release|x64
		{AC33A918-0D33-403F-B57F-73412F2E5DF0}.Debug|Any CPU.ActiveCfg = Debug|Any CPU
		{AC33A918-0D33-403F-B57F-73412F2E5DF0}.Debug|Any CPU.Build.0 = Debug|Any CPU
		{AC33A918-0D33-403F-B57F-73412F2E5DF0}.Release|Any CPU.ActiveCfg = Release|Any CPU
		{AC33A918-0D33-403F-B57F-73412F2E5DF0}.Release|Any CPU.Build.0 = Release|Any CPU
		{AC33A918-0D33-403F-B57F-73412F2E5DF0}.Debug|x64.ActiveCfg = Debug|Any CPU
		{AC33A918-0D33-403F-B57F-73412F2E5DF0}.Debug|x64.Build.0 = Debug|Any CPU
		{AC33A918-0D33-403F-B57F-73412F2E5DF0}.Release|x64.ActiveCfg = Release|Any CPU
		{AC33A918-0D33-403F-B57F-73412F2E5DF0}.Release|x64.Build.0 = Release|Any CPU
		{B707D612-78F0-4FA0-8279-7131E543982F}.Debug|Any CPU.ActiveCfg = Debug|Any CPU
		{B707D612-78F0-4FA0-8279-7131E543982F}.Debug|Any CPU.Build.0 = Debug|Any CPU
		{B707D612-78F0-4FA0-8279-7131E543982F}.Release|Any CPU.ActiveCfg = Release|Any CPU
		{B707D612-78F0-4FA0-8279-7131E543982F}.Release|Any CPU.Build.0 = Release|Any CPU
		{B707D612-78F0-4FA0-8279-7131E543982F}.Debug|x64.ActiveCfg = Debug|Any CPU
		{B707D612-78F0-4FA0-8279-7131E543982F}.Debug|x64.Build.0 = Debug|Any CPU
		{B707D612-78F0-4FA0-8279-7131E543982F}.Release|x64.ActiveCfg = Release|Any CPU
		{B707D612-78F0-4FA0-8279-7131E543982F}.Release|x64.Build.0 = Release|Any CPU
		{2900D81B-2DED-473A-B40B-496116541EDE}.Debug|Any CPU.ActiveCfg = Debug|Any CPU
		{2900D81B-2DED-473A-B40B-496116541EDE}.Debug|Any CPU.Build.0 = Debug|Any CPU
		{2900D81B-2DED-473A-B40B-496116541EDE}.Release|Any CPU.ActiveCfg = Release|Any CPU
		{2900D81B-2DED-473A-B40B-496116541EDE}.Release|Any CPU.Build.0 = Release|Any CPU
		{2900D81B-2DED-473A-B40B-496116541EDE}.Debug|x64.ActiveCfg = Debug|Any CPU
		{2900D81B-2DED-473A-B40B-496116541EDE}.Debug|x64.Build.0 = Debug|Any CPU
		{2900D81B-2DED-473A-B40B-496116541EDE}.Release|x64.ActiveCfg = Release|Any CPU
		{2900D81B-2DED-473A-B40B-496116541EDE}.Release|x64.Build.0 = Release|Any CPU
		{70FB3B8B-29D7-46D8-A84D-FE0AEF103FAE}.Debug|Any CPU.ActiveCfg = Debug|Any CPU
		{70FB3B8B-29D7-46D8-A84D-FE0AEF103FAE}.Debug|Any CPU.Build.0 = Debug|Any CPU
		{70FB3B8B-29D7-46D8-A84D-FE0AEF103FAE}.Release|Any CPU.ActiveCfg = Release|Any CPU
		{70FB3B8B-29D7-46D8-A84D-FE0AEF103FAE}.Release|Any CPU.Build.0 = Release|Any CPU
		{70FB3B8B-29D7-46D8-A84D-FE0AEF103FAE}.Debug|x64.ActiveCfg = Debug|Any CPU
		{70FB3B8B-29D7-46D8-A84D-FE0AEF103FAE}.Debug|x64.Build.0 = Debug|Any CPU
		{70FB3B8B-29D7-46D8-A84D-FE0AEF103FAE}.Release|x64.ActiveCfg = Release|Any CPU
		{70FB3B8B-29D7-46D8-A84D-FE0AEF103FAE}.Release|x64.Build.0 = Release|Any CPU
		{E0EDA60F-6E3C-4D9B-8AF3-96FB52614C04}.Debug|Any CPU.ActiveCfg = Debug|Any CPU
		{E0EDA60F-6E3C-4D9B-8AF3-96FB52614C04}.Debug|Any CPU.Build.0 = Debug|Any CPU
		{E0EDA60F-6E3C-4D9B-8AF3-96FB52614C04}.Release|Any CPU.ActiveCfg = Release|Any CPU
		{E0EDA60F-6E3C-4D9B-8AF3-96FB52614C04}.Release|Any CPU.Build.0 = Release|Any CPU
		{E0EDA60F-6E3C-4D9B-8AF3-96FB52614C04}.Debug|x64.ActiveCfg = Debug|Any CPU
		{E0EDA60F-6E3C-4D9B-8AF3-96FB52614C04}.Debug|x64.Build.0 = Debug|Any CPU
		{E0EDA60F-6E3C-4D9B-8AF3-96FB52614C04}.Release|x64.ActiveCfg = Release|Any CPU
		{E0EDA60F-6E3C-4D9B-8AF3-96FB52614C04}.Release|x64.Build.0 = Release|Any CPU
		{619D487C-0BDD-4A11-954B-777C7FEE2AF2}.Debug|Any CPU.ActiveCfg = Debug|Any CPU
		{619D487C-0BDD-4A11-954B-777C7FEE2AF2}.Debug|Any CPU.Build.0 = Debug|Any CPU
		{619D487C-0BDD-4A11-954B-777C7FEE2AF2}.Release|Any CPU.ActiveCfg = Release|Any CPU
		{619D487C-0BDD-4A11-954B-777C7FEE2AF2}.Release|Any CPU.Build.0 = Release|Any CPU
		{619D487C-0BDD-4A11-954B-777C7FEE2AF2}.Debug|x64.ActiveCfg = Debug|Any CPU
		{619D487C-0BDD-4A11-954B-777C7FEE2AF2}.Debug|x64.Build.0 = Debug|Any CPU
		{619D487C-0BDD-4A11-954B-777C7FEE2AF2}.Release|x64.ActiveCfg = Release|Any CPU
		{619D487C-0BDD-4A11-954B-777C7FEE2AF2}.Release|x64.Build.0 = Release|Any CPU
		{4C0DBA33-418A-4478-A11F-C5EB53E10E20}.Debug|Any CPU.ActiveCfg = Debug|Any CPU
		{4C0DBA33-418A-4478-A11F-C5EB53E10E20}.Debug|Any CPU.Build.0 = Debug|Any CPU
		{4C0DBA33-418A-4478-A11F-C5EB53E10E20}.Release|Any CPU.ActiveCfg = Release|Any CPU
		{4C0DBA33-418A-4478-A11F-C5EB53E10E20}.Release|Any CPU.Build.0 = Release|Any CPU
		{4C0DBA33-418A-4478-A11F-C5EB53E10E20}.Debug|x64.ActiveCfg = Debug|Any CPU
		{4C0DBA33-418A-4478-A11F-C5EB53E10E20}.Debug|x64.Build.0 = Debug|Any CPU
		{4C0DBA33-418A-4478-A11F-C5EB53E10E20}.Release|x64.ActiveCfg = Release|Any CPU
		{4C0DBA33-418A-4478-A11F-C5EB53E10E20}.Release|x64.Build.0 = Release|Any CPU
		{F17C1877-5505-467E-A40A-3E5FEEABB66B}.Debug|Any CPU.ActiveCfg = Debug|Any CPU
		{F17C1877-5505-467E-A40A-3E5FEEABB66B}.Debug|Any CPU.Build.0 = Debug|Any CPU
		{F17C1877-5505-467E-A40A-3E5FEEABB66B}.Release|Any CPU.ActiveCfg = Release|Any CPU
		{F17C1877-5505-467E-A40A-3E5FEEABB66B}.Release|Any CPU.Build.0 = Release|Any CPU
		{F17C1877-5505-467E-A40A-3E5FEEABB66B}.Debug|x64.ActiveCfg = Debug|Any CPU
		{F17C1877-5505-467E-A40A-3E5FEEABB66B}.Debug|x64.Build.0 = Debug|Any CPU
		{F17C1877-5505-467E-A40A-3E5FEEABB66B}.Release|x64.ActiveCfg = Release|Any CPU
		{F17C1877-5505-467E-A40A-3E5FEEABB66B}.Release|x64.Build.0 = Release|Any CPU
		{C50C14EB-8D03-461D-AF4A-657D79F7E172}.Debug|Any CPU.ActiveCfg = Debug|Any CPU
		{C50C14EB-8D03-461D-AF4A-657D79F7E172}.Debug|Any CPU.Build.0 = Debug|Any CPU
		{C50C14EB-8D03-461D-AF4A-657D79F7E172}.Release|Any CPU.ActiveCfg = Release|Any CPU
		{C50C14EB-8D03-461D-AF4A-657D79F7E172}.Release|Any CPU.Build.0 = Release|Any CPU
		{C50C14EB-8D03-461D-AF4A-657D79F7E172}.Debug|x64.ActiveCfg = Debug|Any CPU
		{C50C14EB-8D03-461D-AF4A-657D79F7E172}.Debug|x64.Build.0 = Debug|Any CPU
		{C50C14EB-8D03-461D-AF4A-657D79F7E172}.Release|x64.ActiveCfg = Release|Any CPU
		{C50C14EB-8D03-461D-AF4A-657D79F7E172}.Release|x64.Build.0 = Release|Any CPU
		{1DDCCB29-95FE-49BC-BB1C-19A64F061D98}.Debug|Any CPU.ActiveCfg = Debug|Any CPU
		{1DDCCB29-95FE-49BC-BB1C-19A64F061D98}.Debug|Any CPU.Build.0 = Debug|Any CPU
		{1DDCCB29-95FE-49BC-BB1C-19A64F061D98}.Release|Any CPU.ActiveCfg = Release|Any CPU
		{1DDCCB29-95FE-49BC-BB1C-19A64F061D98}.Release|Any CPU.Build.0 = Release|Any CPU
		{1DDCCB29-95FE-49BC-BB1C-19A64F061D98}.Debug|x64.ActiveCfg = Debug|Any CPU
		{1DDCCB29-95FE-49BC-BB1C-19A64F061D98}.Debug|x64.Build.0 = Debug|Any CPU
		{1DDCCB29-95FE-49BC-BB1C-19A64F061D98}.Release|x64.ActiveCfg = Release|Any CPU
		{1DDCCB29-95FE-49BC-BB1C-19A64F061D98}.Release|x64.Build.0 = Release|Any CPU
		{57E3B917-19F7-48CE-9053-71AD54938E84}.Debug|Any CPU.ActiveCfg = Debug|Any CPU
		{57E3B917-19F7-48CE-9053-71AD54938E84}.Debug|Any CPU.Build.0 = Debug|Any CPU
		{57E3B917-19F7-48CE-9053-71AD54938E84}.Release|Any CPU.ActiveCfg = Release|Any CPU
		{57E3B917-19F7-48CE-9053-71AD54938E84}.Release|Any CPU.Build.0 = Release|Any CPU
		{57E3B917-19F7-48CE-9053-71AD54938E84}.Debug|x64.ActiveCfg = Debug|Any CPU
		{57E3B917-19F7-48CE-9053-71AD54938E84}.Debug|x64.Build.0 = Debug|Any CPU
		{57E3B917-19F7-48CE-9053-71AD54938E84}.Release|x64.ActiveCfg = Release|Any CPU
		{57E3B917-19F7-48CE-9053-71AD54938E84}.Release|x64.Build.0 = Release|Any CPU
		{52B771FD-9117-4773-B444-AB06BB26FC3E}.Debug|Any CPU.ActiveCfg = Debug|Any CPU
		{52B771FD-9117-4773-B444-AB06BB26FC3E}.Debug|Any CPU.Build.0 = Debug|Any CPU
		{52B771FD-9117-4773-B444-AB06BB26FC3E}.Release|Any CPU.ActiveCfg = Release|Any CPU
		{52B771FD-9117-4773-B444-AB06BB26FC3E}.Release|Any CPU.Build.0 = Release|Any CPU
		{52B771FD-9117-4773-B444-AB06BB26FC3E}.Debug|x64.ActiveCfg = Debug|Any CPU
		{52B771FD-9117-4773-B444-AB06BB26FC3E}.Debug|x64.Build.0 = Debug|Any CPU
		{52B771FD-9117-4773-B444-AB06BB26FC3E}.Release|x64.ActiveCfg = Release|Any CPU
		{52B771FD-9117-4773-B444-AB06BB26FC3E}.Release|x64.Build.0 = Release|Any CPU
		{B4315F77-CDE2-4DB1-808B-5491B410E8F4}.Debug|Any CPU.ActiveCfg = Debug|Any CPU
		{B4315F77-CDE2-4DB1-808B-5491B410E8F4}.Debug|Any CPU.Build.0 = Debug|Any CPU
		{B4315F77-CDE2-4DB1-808B-5491B410E8F4}.Release|Any CPU.ActiveCfg = Release|Any CPU
		{B4315F77-CDE2-4DB1-808B-5491B410E8F4}.Release|Any CPU.Build.0 = Release|Any CPU
		{B4315F77-CDE2-4DB1-808B-5491B410E8F4}.Debug|x64.ActiveCfg = Debug|Any CPU
		{B4315F77-CDE2-4DB1-808B-5491B410E8F4}.Debug|x64.Build.0 = Debug|Any CPU
		{B4315F77-CDE2-4DB1-808B-5491B410E8F4}.Release|x64.ActiveCfg = Release|Any CPU
		{B4315F77-CDE2-4DB1-808B-5491B410E8F4}.Release|x64.Build.0 = Release|Any CPU
		{5826C1C4-5C0A-4D6C-8C42-D46F5B5DF480}.Debug|Any CPU.ActiveCfg = Debug|Any CPU
		{5826C1C4-5C0A-4D6C-8C42-D46F5B5DF480}.Debug|Any CPU.Build.0 = Debug|Any CPU
		{5826C1C4-5C0A-4D6C-8C42-D46F5B5DF480}.Release|Any CPU.ActiveCfg = Release|Any CPU
		{5826C1C4-5C0A-4D6C-8C42-D46F5B5DF480}.Release|Any CPU.Build.0 = Release|Any CPU
		{5826C1C4-5C0A-4D6C-8C42-D46F5B5DF480}.Debug|x64.ActiveCfg = Debug|Any CPU
		{5826C1C4-5C0A-4D6C-8C42-D46F5B5DF480}.Debug|x64.Build.0 = Debug|Any CPU
		{5826C1C4-5C0A-4D6C-8C42-D46F5B5DF480}.Release|x64.ActiveCfg = Release|Any CPU
		{5826C1C4-5C0A-4D6C-8C42-D46F5B5DF480}.Release|x64.Build.0 = Release|Any CPU
		{76CA566D-2CB2-41CF-A112-63720422C5F3}.Debug|Any CPU.ActiveCfg = Debug|Any CPU
		{76CA566D-2CB2-41CF-A112-63720422C5F3}.Debug|Any CPU.Build.0 = Debug|Any CPU
		{76CA566D-2CB2-41CF-A112-63720422C5F3}.Release|Any CPU.ActiveCfg = Release|Any CPU
		{76CA566D-2CB2-41CF-A112-63720422C5F3}.Release|Any CPU.Build.0 = Release|Any CPU
		{76CA566D-2CB2-41CF-A112-63720422C5F3}.Debug|x64.ActiveCfg = Debug|Any CPU
		{76CA566D-2CB2-41CF-A112-63720422C5F3}.Debug|x64.Build.0 = Debug|Any CPU
		{76CA566D-2CB2-41CF-A112-63720422C5F3}.Release|x64.ActiveCfg = Release|Any CPU
		{76CA566D-2CB2-41CF-A112-63720422C5F3}.Release|x64.Build.0 = Release|Any CPU
		{C94A4A03-7D61-4F92-A89B-3582E7D1064A}.Debug|Any CPU.ActiveCfg = Debug|Any CPU
		{C94A4A03-7D61-4F92-A89B-3582E7D1064A}.Debug|Any CPU.Build.0 = Debug|Any CPU
		{C94A4A03-7D61-4F92-A89B-3582E7D1064A}.Release|Any CPU.ActiveCfg = Release|Any CPU
		{C94A4A03-7D61-4F92-A89B-3582E7D1064A}.Release|Any CPU.Build.0 = Release|Any CPU
		{C94A4A03-7D61-4F92-A89B-3582E7D1064A}.Debug|x64.ActiveCfg = Debug|Any CPU
		{C94A4A03-7D61-4F92-A89B-3582E7D1064A}.Debug|x64.Build.0 = Debug|Any CPU
		{C94A4A03-7D61-4F92-A89B-3582E7D1064A}.Release|x64.ActiveCfg = Release|Any CPU
		{C94A4A03-7D61-4F92-A89B-3582E7D1064A}.Release|x64.Build.0 = Release|Any CPU
		{A214A065-2770-4E51-809A-E4CFC7F58CA3}.Debug|Any CPU.ActiveCfg = Debug|Any CPU
		{A214A065-2770-4E51-809A-E4CFC7F58CA3}.Debug|Any CPU.Build.0 = Debug|Any CPU
		{A214A065-2770-4E51-809A-E4CFC7F58CA3}.Release|Any CPU.ActiveCfg = Release|Any CPU
		{A214A065-2770-4E51-809A-E4CFC7F58CA3}.Release|Any CPU.Build.0 = Release|Any CPU
		{A214A065-2770-4E51-809A-E4CFC7F58CA3}.Debug|x64.ActiveCfg = Debug|Any CPU
		{A214A065-2770-4E51-809A-E4CFC7F58CA3}.Debug|x64.Build.0 = Debug|Any CPU
		{A214A065-2770-4E51-809A-E4CFC7F58CA3}.Release|x64.ActiveCfg = Release|Any CPU
		{A214A065-2770-4E51-809A-E4CFC7F58CA3}.Release|x64.Build.0 = Release|Any CPU
		{19D0B6FA-A90B-4AF0-87C0-AB9F8BC79E53}.Debug|Any CPU.ActiveCfg = Debug|Any CPU
		{19D0B6FA-A90B-4AF0-87C0-AB9F8BC79E53}.Debug|Any CPU.Build.0 = Debug|Any CPU
		{19D0B6FA-A90B-4AF0-87C0-AB9F8BC79E53}.Release|Any CPU.ActiveCfg = Release|Any CPU
		{19D0B6FA-A90B-4AF0-87C0-AB9F8BC79E53}.Release|Any CPU.Build.0 = Release|Any CPU
		{19D0B6FA-A90B-4AF0-87C0-AB9F8BC79E53}.Debug|x64.ActiveCfg = Debug|Any CPU
		{19D0B6FA-A90B-4AF0-87C0-AB9F8BC79E53}.Debug|x64.Build.0 = Debug|Any CPU
		{19D0B6FA-A90B-4AF0-87C0-AB9F8BC79E53}.Release|x64.ActiveCfg = Release|Any CPU
		{19D0B6FA-A90B-4AF0-87C0-AB9F8BC79E53}.Release|x64.Build.0 = Release|Any CPU
		{CE4C0FC3-D225-44BA-A48B-6DC4D1546D4D}.Debug|Any CPU.ActiveCfg = Debug|Any CPU
		{CE4C0FC3-D225-44BA-A48B-6DC4D1546D4D}.Debug|Any CPU.Build.0 = Debug|Any CPU
		{CE4C0FC3-D225-44BA-A48B-6DC4D1546D4D}.Release|Any CPU.ActiveCfg = Release|Any CPU
		{CE4C0FC3-D225-44BA-A48B-6DC4D1546D4D}.Release|Any CPU.Build.0 = Release|Any CPU
		{CE4C0FC3-D225-44BA-A48B-6DC4D1546D4D}.Debug|x64.ActiveCfg = Debug|Any CPU
		{CE4C0FC3-D225-44BA-A48B-6DC4D1546D4D}.Debug|x64.Build.0 = Debug|Any CPU
		{CE4C0FC3-D225-44BA-A48B-6DC4D1546D4D}.Release|x64.ActiveCfg = Release|Any CPU
		{CE4C0FC3-D225-44BA-A48B-6DC4D1546D4D}.Release|x64.Build.0 = Release|Any CPU
		{CA244B95-9ADA-4A2A-90C8-FAA15E0C4DCC}.Debug|Any CPU.ActiveCfg = Debug|Any CPU
		{CA244B95-9ADA-4A2A-90C8-FAA15E0C4DCC}.Debug|Any CPU.Build.0 = Debug|Any CPU
		{CA244B95-9ADA-4A2A-90C8-FAA15E0C4DCC}.Release|Any CPU.ActiveCfg = Release|Any CPU
		{CA244B95-9ADA-4A2A-90C8-FAA15E0C4DCC}.Release|Any CPU.Build.0 = Release|Any CPU
		{CA244B95-9ADA-4A2A-90C8-FAA15E0C4DCC}.Debug|x64.ActiveCfg = Debug|Any CPU
		{CA244B95-9ADA-4A2A-90C8-FAA15E0C4DCC}.Debug|x64.Build.0 = Debug|Any CPU
		{CA244B95-9ADA-4A2A-90C8-FAA15E0C4DCC}.Release|x64.ActiveCfg = Release|Any CPU
		{CA244B95-9ADA-4A2A-90C8-FAA15E0C4DCC}.Release|x64.Build.0 = Release|Any CPU
		{10A45BFA-BB42-4C77-B07D-52A822B6D1C1}.Debug|Any CPU.ActiveCfg = Debug|Any CPU
		{10A45BFA-BB42-4C77-B07D-52A822B6D1C1}.Debug|Any CPU.Build.0 = Debug|Any CPU
		{10A45BFA-BB42-4C77-B07D-52A822B6D1C1}.Release|Any CPU.ActiveCfg = Release|Any CPU
		{10A45BFA-BB42-4C77-B07D-52A822B6D1C1}.Release|Any CPU.Build.0 = Release|Any CPU
		{10A45BFA-BB42-4C77-B07D-52A822B6D1C1}.Debug|x64.ActiveCfg = Debug|Any CPU
		{10A45BFA-BB42-4C77-B07D-52A822B6D1C1}.Debug|x64.Build.0 = Debug|Any CPU
		{10A45BFA-BB42-4C77-B07D-52A822B6D1C1}.Release|x64.ActiveCfg = Release|Any CPU
		{10A45BFA-BB42-4C77-B07D-52A822B6D1C1}.Release|x64.Build.0 = Release|Any CPU
		{4D499B06-D759-4FD2-AF2E-0D1D7728B260}.Debug|Any CPU.ActiveCfg = Debug|Any CPU
		{4D499B06-D759-4FD2-AF2E-0D1D7728B260}.Debug|Any CPU.Build.0 = Debug|Any CPU
		{4D499B06-D759-4FD2-AF2E-0D1D7728B260}.Release|Any CPU.ActiveCfg = Release|Any CPU
		{4D499B06-D759-4FD2-AF2E-0D1D7728B260}.Release|Any CPU.Build.0 = Release|Any CPU
		{4D499B06-D759-4FD2-AF2E-0D1D7728B260}.Debug|x64.ActiveCfg = Debug|Any CPU
		{4D499B06-D759-4FD2-AF2E-0D1D7728B260}.Debug|x64.Build.0 = Debug|Any CPU
		{4D499B06-D759-4FD2-AF2E-0D1D7728B260}.Release|x64.ActiveCfg = Release|Any CPU
		{4D499B06-D759-4FD2-AF2E-0D1D7728B260}.Release|x64.Build.0 = Release|Any CPU
		{7AED13F6-45F5-4EBD-B630-69AA06504008}.Debug|Any CPU.ActiveCfg = Debug|Any CPU
		{7AED13F6-45F5-4EBD-B630-69AA06504008}.Debug|Any CPU.Build.0 = Debug|Any CPU
		{7AED13F6-45F5-4EBD-B630-69AA06504008}.Release|Any CPU.ActiveCfg = Release|Any CPU
		{7AED13F6-45F5-4EBD-B630-69AA06504008}.Release|Any CPU.Build.0 = Release|Any CPU
		{7AED13F6-45F5-4EBD-B630-69AA06504008}.Debug|x64.ActiveCfg = Debug|Any CPU
		{7AED13F6-45F5-4EBD-B630-69AA06504008}.Debug|x64.Build.0 = Debug|Any CPU
		{7AED13F6-45F5-4EBD-B630-69AA06504008}.Release|x64.ActiveCfg = Release|Any CPU
		{7AED13F6-45F5-4EBD-B630-69AA06504008}.Release|x64.Build.0 = Release|Any CPU
		{7E1A50DA-09ED-4A81-A683-BD6EA1B73240}.Debug|Any CPU.ActiveCfg = Debug|Any CPU
		{7E1A50DA-09ED-4A81-A683-BD6EA1B73240}.Debug|Any CPU.Build.0 = Debug|Any CPU
		{7E1A50DA-09ED-4A81-A683-BD6EA1B73240}.Release|Any CPU.ActiveCfg = Release|Any CPU
		{7E1A50DA-09ED-4A81-A683-BD6EA1B73240}.Release|Any CPU.Build.0 = Release|Any CPU
		{7E1A50DA-09ED-4A81-A683-BD6EA1B73240}.Debug|x64.ActiveCfg = Debug|Any CPU
		{7E1A50DA-09ED-4A81-A683-BD6EA1B73240}.Debug|x64.Build.0 = Debug|Any CPU
		{7E1A50DA-09ED-4A81-A683-BD6EA1B73240}.Release|x64.ActiveCfg = Release|Any CPU
		{7E1A50DA-09ED-4A81-A683-BD6EA1B73240}.Release|x64.Build.0 = Release|Any CPU
		{C6F976C2-CA01-48A0-8030-666A913ED4EF}.Debug|Any CPU.ActiveCfg = Debug|Any CPU
		{C6F976C2-CA01-48A0-8030-666A913ED4EF}.Debug|Any CPU.Build.0 = Debug|Any CPU
		{C6F976C2-CA01-48A0-8030-666A913ED4EF}.Release|Any CPU.ActiveCfg = Release|Any CPU
		{C6F976C2-CA01-48A0-8030-666A913ED4EF}.Release|Any CPU.Build.0 = Release|Any CPU
		{C6F976C2-CA01-48A0-8030-666A913ED4EF}.Debug|x64.ActiveCfg = Debug|Any CPU
		{C6F976C2-CA01-48A0-8030-666A913ED4EF}.Debug|x64.Build.0 = Debug|Any CPU
		{C6F976C2-CA01-48A0-8030-666A913ED4EF}.Release|x64.ActiveCfg = Release|Any CPU
		{C6F976C2-CA01-48A0-8030-666A913ED4EF}.Release|x64.Build.0 = Release|Any CPU
	EndGlobalSection
	GlobalSection(SolutionProperties) = preSolution
		HideSolutionNode = FALSE
	EndGlobalSection
	GlobalSection(ExtensibilityGlobals) = postSolution
		SolutionGuid = {B0BA7582-52F9-4E3C-8454-D5F30D5D4F0B}
	EndGlobalSection
EndGlobal
